<?xml version="1.0" encoding="utf-8"?>
<Project ToolsVersion="4.0" xmlns="http://schemas.microsoft.com/developer/msbuild/2003">
  <ItemGroup>
    <Filter Include="Source Files">
      <UniqueIdentifier>{4FC737F1-C7A5-4376-A066-2A32D752A2FF}</UniqueIdentifier>
      <Extensions>cpp;c;cc;cxx;def;odl;idl;hpj;bat;asm;asmx</Extensions>
    </Filter>
    <Filter Include="Resource Files">
      <UniqueIdentifier>{67DA6AB6-F800-4c08-8B7A-83BB121AAD01}</UniqueIdentifier>
      <Extensions>rc;ico;cur;bmp;dlg;rc2;rct;bin;rgs;gif;jpg;jpeg;jpe;resx;tiff;tif;png;wav;mfcribbon-ms</Extensions>
    </Filter>
    <Filter Include="Source Files\Common">
      <UniqueIdentifier>{6be55a68-1028-4349-b711-7bc1636a46c9}</UniqueIdentifier>
    </Filter>
    <Filter Include="Source Files\Common\Includes">
      <UniqueIdentifier>{f637df45-d869-4bfd-98a9-acc9d087a3c8}</UniqueIdentifier>
    </Filter>
    <Filter Include="Source Files\Graphics">
      <UniqueIdentifier>{f2ae922e-79f2-463e-b11d-15dabdfcc0cc}</UniqueIdentifier>
    </Filter>
    <Filter Include="Source Files\Application">
      <UniqueIdentifier>{3e2313d8-a7b5-4b51-985a-3a23d0c8e176}</UniqueIdentifier>
    </Filter>
    <Filter Include="Source Files\Application\States">
      <UniqueIdentifier>{5e12eeb2-032e-44f7-be5e-c50aa146e60b}</UniqueIdentifier>
    </Filter>
    <Filter Include="Source Files\Graphics\Vertices">
      <UniqueIdentifier>{45d338ae-2829-4a9b-9f92-43ab5c3ddc79}</UniqueIdentifier>
    </Filter>
    <Filter Include="Source Files\Common\Input">
      <UniqueIdentifier>{d97d6262-cfa3-4acb-94be-5f05b9f7de8a}</UniqueIdentifier>
    </Filter>
    <Filter Include="Source Files\Particles">
      <UniqueIdentifier>{cbf93657-15a9-436d-bcf0-af0cee1641cf}</UniqueIdentifier>
    </Filter>
  </ItemGroup>
  <ItemGroup>
    <ClCompile Include="Source\Utilities.cpp">
      <Filter>Source Files\Common</Filter>
    </ClCompile>
    <ClCompile Include="Source\D3D.cpp">
      <Filter>Source Files\Graphics</Filter>
    </ClCompile>
    <ClCompile Include="Source\App.cpp">
      <Filter>Source Files\Application</Filter>
    </ClCompile>
    <ClCompile Include="Source\WinMain.cpp">
      <Filter>Source Files\Application</Filter>
    </ClCompile>
    <ClCompile Include="Source\StateStack.cpp">
      <Filter>Source Files\Application\States</Filter>
    </ClCompile>
    <ClCompile Include="Source\MainState.cpp">
      <Filter>Source Files\Application\States</Filter>
    </ClCompile>
    <ClCompile Include="Source\Input.cpp">
      <Filter>Source Files\Common\Input</Filter>
    </ClCompile>
    <ClCompile Include="Source\KeyBoardState.cpp">
      <Filter>Source Files\Common\Input</Filter>
    </ClCompile>
    <ClCompile Include="Source\Camera.cpp">
      <Filter>Source Files\Graphics</Filter>
    </ClCompile>
    <ClCompile Include="Source\ParticleEmitter.cpp">
      <Filter>Source Files\Particles</Filter>
    </ClCompile>
    <ClCompile Include="Source\Timer.cpp">
      <Filter>Source Files\Common</Filter>
    </ClCompile>
  </ItemGroup>
  <ItemGroup>
    <ClInclude Include="Source\Utilities.h">
      <Filter>Source Files\Common</Filter>
    </ClInclude>
    <ClInclude Include="Source\D3DInclude.h">
      <Filter>Source Files\Common\Includes</Filter>
    </ClInclude>
    <ClInclude Include="Source\DXTKInclude.h">
      <Filter>Source Files\Common\Includes</Filter>
    </ClInclude>
    <ClInclude Include="Source\WindowsInclude.h">
      <Filter>Source Files\Common\Includes</Filter>
    </ClInclude>
    <ClInclude Include="Source\D3D.h">
      <Filter>Source Files\Graphics</Filter>
    </ClInclude>
    <ClInclude Include="Source\App.h">
      <Filter>Source Files\Application</Filter>
    </ClInclude>
    <ClInclude Include="Source\WinMain.h">
      <Filter>Source Files\Application</Filter>
    </ClInclude>
    <ClInclude Include="Source\IBaseState.h">
      <Filter>Source Files\Application\States</Filter>
    </ClInclude>
    <ClInclude Include="Source\StateStack.h">
      <Filter>Source Files\Application\States</Filter>
    </ClInclude>
    <ClInclude Include="Source\MainState.h">
      <Filter>Source Files\Application\States</Filter>
    </ClInclude>
    <ClInclude Include="Source\Buffer.h">
      <Filter>Source Files\Graphics</Filter>
    </ClInclude>
    <ClInclude Include="Source\ParticleVertex.h">
      <Filter>Source Files\Graphics\Vertices</Filter>
    </ClInclude>
    <ClInclude Include="Source\Input.h">
      <Filter>Source Files\Common\Input</Filter>
    </ClInclude>
    <ClInclude Include="Source\KeyBoardState.h">
      <Filter>Source Files\Common\Input</Filter>
    </ClInclude>
    <ClInclude Include="Source\Camera.h">
      <Filter>Source Files\Graphics</Filter>
    </ClInclude>
    <ClInclude Include="Source\ParticleEmitter.h">
      <Filter>Source Files\Particles</Filter>
    </ClInclude>
    <ClInclude Include="Source\Particle.h">
      <Filter>Source Files\Particles</Filter>
    </ClInclude>
    <ClInclude Include="Source\Timer.h">
      <Filter>Source Files\Common</Filter>
    </ClInclude>
  </ItemGroup>
  <ItemGroup>
    <FxCompile Include="Resource\ParticleVS.hlsl">
      <Filter>Resource Files</Filter>
    </FxCompile>
    <FxCompile Include="Resource\ParticlePS.hlsl">
      <Filter>Resource Files</Filter>
    </FxCompile>
    <FxCompile Include="Resource\ParticleGS.hlsl">
      <Filter>Resource Files</Filter>
    </FxCompile>
  </ItemGroup>
</Project>